
Microsoft Visual Studio Solution File, Format Version 12.00
# Visual Studio Version 17
VisualStudioVersion = 17.9.34728.123
MinimumVisualStudioVersion = 10.0.40219.1
Project("{FAE04EC0-301F-11D3-BF4B-00C04F79EFBC}") = "enclase7", "enclase7\enclase7.csproj", "{1C6ABCE1-5652-43E0-A05B-2DEF1E996A26}"
EndProject
Global
	GlobalSection(SolutionConfigurationPlatforms) = preSolution
		Debug|Any CPU = Debug|Any CPU
		Release|Any CPU = Release|Any CPU
	EndGlobalSection
	GlobalSection(ProjectConfigurationPlatforms) = postSolution
		{1C6ABCE1-5652-43E0-A05B-2DEF1E996A26}.Debug|Any CPU.ActiveCfg = Debug|Any CPU
		{1C6ABCE1-5652-43E0-A05B-2DEF1E996A26}.Debug|Any CPU.Build.0 = Debug|Any CPU
		{1C6ABCE1-5652-43E0-A05B-2DEF1E996A26}.Release|Any CPU.ActiveCfg = Release|Any CPU
		{1C6ABCE1-5652-43E0-A05B-2DEF1E996A26}.Release|Any CPU.Build.0 = Release|Any CPU
	EndGlobalSection
	GlobalSection(SolutionProperties) = preSolution
		HideSolutionNode = FALSE
	EndGlobalSection
	GlobalSection(ExtensibilityGlobals) = postSolution
		SolutionGuid = {ACBEC6E1-4A36-4AA3-B283-B3E7D46596A0}
	EndGlobalSection
EndGlobal
